// !$*UTF8*$!
{
	archiveVersion = 1;
	classes = {
	};
	objectVersion = 50;
	objects = {

/* Begin PBXBuildFile section */
		353087F3212AD64E0050B953 /* AppDelegate.m in Sources */ = {isa = PBXBuildFile; fileRef = 353087F2212AD64E0050B953 /* AppDelegate.m */; };
		353087F9212AD64E0050B953 /* Main.storyboard in Resources */ = {isa = PBXBuildFile; fileRef = 353087F7212AD64E0050B953 /* Main.storyboard */; };
		353087FB212AD64F0050B953 /* Assets.xcassets in Resources */ = {isa = PBXBuildFile; fileRef = 353087FA212AD64F0050B953 /* Assets.xcassets */; };
		353087FE212AD64F0050B953 /* LaunchScreen.storyboard in Resources */ = {isa = PBXBuildFile; fileRef = 353087FC212AD64F0050B953 /* LaunchScreen.storyboard */; };
		35308801212AD64F0050B953 /* main.m in Sources */ = {isa = PBXBuildFile; fileRef = 35308800212AD64F0050B953 /* main.m */; };
		3530880A212ADD0E0050B953 /* TableViewController.m in Sources */ = {isa = PBXBuildFile; fileRef = 35308809212ADD0E0050B953 /* TableViewController.m */; };
		3530880D212ADEB50050B953 /* ExampleOneViewController.m in Sources */ = {isa = PBXBuildFile; fileRef = 3530880C212ADEB50050B953 /* ExampleOneViewController.m */; };
		35308811212AE0970050B953 /* ExampleTwoViewController.m in Sources */ = {isa = PBXBuildFile; fileRef = 35308810212AE0970050B953 /* ExampleTwoViewController.m */; };
		DB89363C0A49288A9C31FE16 /* Pods_Example.framework in Frameworks */ = {isa = PBXBuildFile; fileRef = 128FD134E1A9FACB8652ECB9 /* Pods_Example.framework */; };
/* End PBXBuildFile section */

/* Begin PBXFileReference section */
		128FD134E1A9FACB8652ECB9 /* Pods_Example.framework */ = {isa = PBXFileReference; explicitFileType = wrapper.framework; includeInIndex = 0; path = Pods_Example.framework; sourceTree = BUILT_PRODUCTS_DIR; };
		321994E580FC625A79A617CF /* Pods-Example.release.xcconfig */ = {isa = PBXFileReference; includeInIndex = 1; lastKnownFileType = text.xcconfig; name = "Pods-Example.release.xcconfig"; path = "Pods/Target Support Files/Pods-Example/Pods-Example.release.xcconfig"; sourceTree = "<group>"; };
		353087EE212AD64D0050B953 /* Example.app */ = {isa = PBXFileReference; explicitFileType = wrapper.application; includeInIndex = 0; path = Example.app; sourceTree = BUILT_PRODUCTS_DIR; };
		353087F1212AD64D0050B953 /* AppDelegate.h */ = {isa = PBXFileReference; lastKnownFileType = sourcecode.c.h; path = AppDelegate.h; sourceTree = "<group>"; };
		353087F2212AD64E0050B953 /* AppDelegate.m */ = {isa = PBXFileReference; lastKnownFileType = sourcecode.c.objc; path = AppDelegate.m; sourceTree = "<group>"; };
		353087F8212AD64E0050B953 /* Base */ = {isa = PBXFileReference; lastKnownFileType = file.storyboard; name = Base; path = Base.lproj/Main.storyboard; sourceTree = "<group>"; };
		353087FA212AD64F0050B953 /* Assets.xcassets */ = {isa = PBXFileReference; lastKnownFileType = folder.assetcatalog; path = Assets.xcassets; sourceTree = "<group>"; };
		353087FD212AD64F0050B953 /* Base */ = {isa = PBXFileReference; lastKnownFileType = file.storyboard; name = Base; path = Base.lproj/LaunchScreen.storyboard; sourceTree = "<group>"; };
		353087FF212AD64F0050B953 /* Info.plist */ = {isa = PBXFileReference; lastKnownFileType = text.plist.xml; path = Info.plist; sourceTree = "<group>"; };
		35308800212AD64F0050B953 /* main.m */ = {isa = PBXFileReference; lastKnownFileType = sourcecode.c.objc; path = main.m; sourceTree = "<group>"; };
		35308808212ADD0E0050B953 /* TableViewController.h */ = {isa = PBXFileReference; lastKnownFileType = sourcecode.c.h; path = TableViewController.h; sourceTree = "<group>"; };
		35308809212ADD0E0050B953 /* TableViewController.m */ = {isa = PBXFileReference; lastKnownFileType = sourcecode.c.objc; path = TableViewController.m; sourceTree = "<group>"; };
		3530880B212ADEB50050B953 /* ExampleOneViewController.h */ = {isa = PBXFileReference; lastKnownFileType = sourcecode.c.h; path = ExampleOneViewController.h; sourceTree = "<group>"; };
		3530880C212ADEB50050B953 /* ExampleOneViewController.m */ = {isa = PBXFileReference; lastKnownFileType = sourcecode.c.objc; path = ExampleOneViewController.m; sourceTree = "<group>"; };
		3530880F212AE0970050B953 /* ExampleTwoViewController.h */ = {isa = PBXFileReference; lastKnownFileType = sourcecode.c.h; path = ExampleTwoViewController.h; sourceTree = "<group>"; };
		35308810212AE0970050B953 /* ExampleTwoViewController.m */ = {isa = PBXFileReference; lastKnownFileType = sourcecode.c.objc; path = ExampleTwoViewController.m; sourceTree = "<group>"; };
		83BC2C0A7F4425F6F7B0BEEB /* Pods-Example.debug.xcconfig */ = {isa = PBXFileReference; includeInIndex = 1; lastKnownFileType = text.xcconfig; name = "Pods-Example.debug.xcconfig"; path = "Pods/Target Support Files/Pods-Example/Pods-Example.debug.xcconfig"; sourceTree = "<group>"; };
/* End PBXFileReference section */

/* Begin PBXFrameworksBuildPhase section */
		353087EB212AD64D0050B953 /* Frameworks */ = {
			isa = PBXFrameworksBuildPhase;
			buildActionMask = 2147483647;
			files = (
				DB89363C0A49288A9C31FE16 /* Pods_Example.framework in Frameworks */,
			);
			runOnlyForDeploymentPostprocessing = 0;
		};
/* End PBXFrameworksBuildPhase section */

/* Begin PBXGroup section */
		353087E5212AD64D0050B953 = {
			isa = PBXGroup;
			children = (
				353087F0212AD64D0050B953 /* Example */,
				353087EF212AD64D0050B953 /* Products */,
				F8BC6D39C20AC8FADDF296D8 /* Pods */,
				AF5976D38FC11FB007187315 /* Frameworks */,
			);
			sourceTree = "<group>";
		};
		353087EF212AD64D0050B953 /* Products */ = {
			isa = PBXGroup;
			children = (
				353087EE212AD64D0050B953 /* Example.app */,
			);
			name = Products;
			sourceTree = "<group>";
		};
		353087F0212AD64D0050B953 /* Example */ = {
			isa = PBXGroup;
			children = (
				3530880E212AE0790050B953 /* ExampleVC */,
				353087F1212AD64D0050B953 /* AppDelegate.h */,
				353087F2212AD64E0050B953 /* AppDelegate.m */,
				353087F7212AD64E0050B953 /* Main.storyboard */,
				353087FA212AD64F0050B953 /* Assets.xcassets */,
				353087FC212AD64F0050B953 /* LaunchScreen.storyboard */,
				353087FF212AD64F0050B953 /* Info.plist */,
				35308800212AD64F0050B953 /* main.m */,
				35308808212ADD0E0050B953 /* TableViewController.h */,
				35308809212ADD0E0050B953 /* TableViewController.m */,
			);
			path = Example;
			sourceTree = "<group>";
		};
		3530880E212AE0790050B953 /* ExampleVC */ = {
			isa = PBXGroup;
			children = (
				3530880B212ADEB50050B953 /* ExampleOneViewController.h */,
				3530880C212ADEB50050B953 /* ExampleOneViewController.m */,
				3530880F212AE0970050B953 /* ExampleTwoViewController.h */,
				35308810212AE0970050B953 /* ExampleTwoViewController.m */,
			);
			path = ExampleVC;
			sourceTree = "<group>";
		};
		AF5976D38FC11FB007187315 /* Frameworks */ = {
			isa = PBXGroup;
			children = (
				128FD134E1A9FACB8652ECB9 /* Pods_Example.framework */,
			);
			name = Frameworks;
			sourceTree = "<group>";
		};
		F8BC6D39C20AC8FADDF296D8 /* Pods */ = {
			isa = PBXGroup;
			children = (
				83BC2C0A7F4425F6F7B0BEEB /* Pods-Example.debug.xcconfig */,
				321994E580FC625A79A617CF /* Pods-Example.release.xcconfig */,
			);
			name = Pods;
			sourceTree = "<group>";
		};
/* End PBXGroup section */

/* Begin PBXNativeTarget section */
		353087ED212AD64D0050B953 /* Example */ = {
			isa = PBXNativeTarget;
			buildConfigurationList = 35308804212AD64F0050B953 /* Build configuration list for PBXNativeTarget "Example" */;
			buildPhases = (
				746DD909DB7BF20ABB9D75F2 /* [CP] Check Pods Manifest.lock */,
				353087EA212AD64D0050B953 /* Sources */,
				353087EB212AD64D0050B953 /* Frameworks */,
				353087EC212AD64D0050B953 /* Resources */,
				E74C985A7E664551D24EFF10 /* [CP] Embed Pods Frameworks */,
			);
			buildRules = (
			);
			dependencies = (
			);
			name = Example;
			productName = Example;
			productReference = 353087EE212AD64D0050B953 /* Example.app */;
			productType = "com.apple.product-type.application";
		};
/* End PBXNativeTarget section */

/* Begin PBXProject section */
		353087E6212AD64D0050B953 /* Project object */ = {
			isa = PBXProject;
			attributes = {
				LastUpgradeCheck = 0930;
				ORGANIZATIONNAME = "张思槐";
				TargetAttributes = {
					353087ED212AD64D0050B953 = {
						CreatedOnToolsVersion = 9.3;
					};
				};
			};
			buildConfigurationList = 353087E9212AD64D0050B953 /* Build configuration list for PBXProject "Example" */;
			compatibilityVersion = "Xcode 9.3";
			developmentRegion = en;
			hasScannedForEncodings = 0;
			knownRegions = (
				en,
				Base,
			);
			mainGroup = 353087E5212AD64D0050B953;
			productRefGroup = 353087EF212AD64D0050B953 /* Products */;
			projectDirPath = "";
			projectRoot = "";
			targets = (
				353087ED212AD64D0050B953 /* Example */,
			);
		};
/* End PBXProject section */

/* Begin PBXResourcesBuildPhase section */
		353087EC212AD64D0050B953 /* Resources */ = {
			isa = PBXResourcesBuildPhase;
			buildActionMask = 2147483647;
			files = (
				353087FE212AD64F0050B953 /* LaunchScreen.storyboard in Resources */,
				353087FB212AD64F0050B953 /* Assets.xcassets in Resources */,
				353087F9212AD64E0050B953 /* Main.storyboard in Resources */,
			);
			runOnlyForDeploymentPostprocessing = 0;
		};
/* End PBXResourcesBuildPhase section */

/* Begin PBXShellScriptBuildPhase section */
		746DD909DB7BF20ABB9D75F2 /* [CP] Check Pods Manifest.lock */ = {
			isa = PBXShellScriptBuildPhase;
			buildActionMask = 2147483647;
			files = (
			);
			inputPaths = (
				"${PODS_PODFILE_DIR_PATH}/Podfile.lock",
				"${PODS_ROOT}/Manifest.lock",
			);
			name = "[CP] Check Pods Manifest.lock";
			outputPaths = (
				"$(DERIVED_FILE_DIR)/Pods-Example-checkManifestLockResult.txt",
			);
			runOnlyForDeploymentPostprocessing = 0;
			shellPath = /bin/sh;
			shellScript = "diff \"${PODS_PODFILE_DIR_PATH}/Podfile.lock\" \"${PODS_ROOT}/Manifest.lock\" > /dev/null\nif [ $? != 0 ] ; then\n    # print error to STDERR\n    echo \"error: The sandbox is not in sync with the Podfile.lock. Run 'pod install' or update your CocoaPods installation.\" >&2\n    exit 1\nfi\n# This output is used by Xcode 'outputs' to avoid re-running this script phase.\necho \"SUCCESS\" > \"${SCRIPT_OUTPUT_FILE_0}\"\n";
			showEnvVarsInLog = 0;
		};
		E74C985A7E664551D24EFF10 /* [CP] Embed Pods Frameworks */ = {
			isa = PBXShellScriptBuildPhase;
			buildActionMask = 2147483647;
			files = (
			);
			inputPaths = (
				"${SRCROOT}/Pods/Target Support Files/Pods-Example/Pods-Example-frameworks.sh",
				"${BUILT_PRODUCTS_DIR}/Presenter/Presenter.framework",
			);
			name = "[CP] Embed Pods Frameworks";
			outputPaths = (
				"${TARGET_BUILD_DIR}/${FRAMEWORKS_FOLDER_PATH}/Presenter.framework",
			);
			runOnlyForDeploymentPostprocessing = 0;
			shellPath = /bin/sh;
			shellScript = "\"${SRCROOT}/Pods/Target Support Files/Pods-Example/Pods-Example-frameworks.sh\"\n";
			showEnvVarsInLog = 0;
		};
/* End PBXShellScriptBuildPhase section */

/* Begin PBXSourcesBuildPhase section */
		353087EA212AD64D0050B953 /* Sources */ = {
			isa = PBXSourcesBuildPhase;
			buildActionMask = 2147483647;
			files = (
				35308801212AD64F0050B953 /* main.m in Sources */,
				3530880A212ADD0E0050B953 /* TableViewController.m in Sources */,
				35308811212AE0970050B953 /* ExampleTwoViewController.m in Sources */,
				3530880D212ADEB50050B953 /* ExampleOneViewController.m in Sources */,
				353087F3212AD64E0050B953 /* AppDelegate.m in Sources */,
			);
			runOnlyForDeploymentPostprocessing = 0;
		};
/* End PBXSourcesBuildPhase section */

/* Begin PBXVariantGroup section */
		353087F7212AD64E0050B953 /* Main.storyboard */ = {
			isa = PBXVariantGroup;
			children = (
				353087F8212AD64E0050B953 /* Base */,
			);
			name = Main.storyboard;
			sourceTree = "<group>";
		};
		353087FC212AD64F0050B953 /* LaunchScreen.storyboard */ = {
			isa = PBXVariantGroup;
			children = (
				353087FD212AD64F0050B953 /* Base */,
			);
			name = LaunchScreen.storyboard;
			sourceTree = "<group>";
		};
/* End PBXVariantGroup section */

/* Begin XCBuildConfiguration section */
		35308802212AD64F0050B953 /* Debug */ = {
			isa = XCBuildConfiguration;
			buildSettings = {
				ALWAYS_SEARCH_USER_PATHS = NO;
				CLANG_ANALYZER_NONNULL = YES;
				CLANG_ANALYZER_NUMBER_OBJECT_CONVERSION = YES_AGGRESSIVE;
				CLANG_CXX_LANGUAGE_STANDARD = "gnu++14";
				CLANG_CXX_LIBRARY = "libc++";
				CLANG_ENABLE_MODULES = YES;
				CLANG_ENABLE_OBJC_ARC = YES;
				CLANG_ENABLE_OBJC_WEAK = YES;
				CLANG_WARN_BLOCK_CAPTURE_AUTORELEASING = YES;
				CLANG_WARN_BOOL_CONVERSION = YES;
				CLANG_WARN_COMMA = YES;
				CLANG_WARN_CONSTANT_CONVERSION = YES;
				CLANG_WARN_DEPRECATED_OBJC_IMPLEMENTATIONS = YES;
				CLANG_WARN_DIRECT_OBJC_ISA_USAGE = YES_ERROR;
				CLANG_WARN_DOCUMENTATION_COMMENTS = YES;
				CLANG_WARN_EMPTY_BODY = YES;
				CLANG_WARN_ENUM_CONVERSION = YES;
				CLANG_WARN_INFINITE_RECURSION = YES;
				CLANG_WARN_INT_CONVERSION = YES;
				CLANG_WARN_NON_LITERAL_NULL_CONVERSION = YES;
				CLANG_WARN_OBJC_IMPLICIT_RETAIN_SELF = YES;
				CLANG_WARN_OBJC_LITERAL_CONVERSION = YES;
				CLANG_WARN_OBJC_ROOT_CLASS = YES_ERROR;
				CLANG_WARN_RANGE_LOOP_ANALYSIS = YES;
				CLANG_WARN_STRICT_PROTOTYPES = YES;
				CLANG_WARN_SUSPICIOUS_MOVE = YES;
				CLANG_WARN_UNGUARDED_AVAILABILITY = YES_AGGRESSIVE;
				CLANG_WARN_UNREACHABLE_CODE = YES;
				CLANG_WARN__DUPLICATE_METHOD_MATCH = YES;
				CODE_SIGN_IDENTITY = "iPhone Developer";
				COPY_PHASE_STRIP = NO;
				DEBUG_INFORMATION_FORMAT = dwarf;
				ENABLE_STRICT_OBJC_MSGSEND = YES;
				ENABLE_TESTABILITY = YES;
				GCC_C_LANGUAGE_STANDARD = gnu11;
				GCC_DYNAMIC_NO_PIC = NO;
				GCC_NO_COMMON_BLOCKS = YES;
				GCC_OPTIMIZATION_LEVEL = 0;
				GCC_PREPROCESSOR_DEFINITIONS = (
					"DEBUG=1",
					"$(inherited)",
				);
				GCC_WARN_64_TO_32_BIT_CONVERSION = YES;
				GCC_WARN_ABOUT_RETURN_TYPE = YES_ERROR;
				GCC_WARN_UNDECLARED_SELECTOR = YES;
				GCC_WARN_UNINITIALIZED_AUTOS = YES_AGGRESSIVE;
				GCC_WARN_UNUSED_FUNCTION = YES;
				GCC_WARN_UNUSED_VARIABLE = YES;
				IPHONEOS_DEPLOYMENT_TARGET = 11.3;
				MTL_ENABLE_DEBUG_INFO = YES;
				ONLY_ACTIVE_ARCH = YES;
				SDKROOT = iphoneos;
			};
			name = Debug;
		};
		35308803212AD64F0050B953 /* Release */ = {
			isa = XCBuildConfiguration;
			buildSettings = {
				ALWAYS_SEARCH_USER_PATHS = NO;
				CLANG_ANALYZER_NONNULL = YES;
				CLANG_ANALYZER_NUMBER_OBJECT_CONVERSION = YES_AGGRESSIVE;
				CLANG_CXX_LANGUAGE_STANDARD = "gnu++14";
				CLANG_CXX_LIBRARY = "libc++";
				CLANG_ENABLE_MODULES = YES;
				CLANG_ENABLE_OBJC_ARC = YES;
				CLANG_ENABLE_OBJC_WEAK = YES;
				CLANG_WARN_BLOCK_CAPTURE_AUTORELEASING = YES;
				CLANG_WARN_BOOL_CONVERSION = YES;
				CLANG_WARN_COMMA = YES;
				CLANG_WARN_CONSTANT_CONVERSION = YES;
				CLANG_WARN_DEPRECATED_OBJC_IMPLEMENTATIONS = YES;
				CLANG_WARN_DIRECT_OBJC_ISA_USAGE = YES_ERROR;
				CLANG_WARN_DOCUMENTATION_COMMENTS = YES;
				CLANG_WARN_EMPTY_BODY = YES;
				CLANG_WARN_ENUM_CONVERSION = YES;
				CLANG_WARN_INFINITE_RECURSION = YES;
				CLANG_WARN_INT_CONVERSION = YES;
				CLANG_WARN_NON_LITERAL_NULL_CONVERSION = YES;
				CLANG_WARN_OBJC_IMPLICIT_RETAIN_SELF = YES;
				CLANG_WARN_OBJC_LITERAL_CONVERSION = YES;
				CLANG_WARN_OBJC_ROOT_CLASS = YES_ERROR;
				CLANG_WARN_RANGE_LOOP_ANALYSIS = YES;
				CLANG_WARN_STRICT_PROTOTYPES = YES;
				CLANG_WARN_SUSPICIOUS_MOVE = YES;
				CLANG_WARN_UNGUARDED_AVAILABILITY = YES_AGGRESSIVE;
				CLANG_WARN_UNREACHABLE_CODE = YES;
				CLANG_WARN__DUPLICATE_METHOD_MATCH = YES;
				CODE_SIGN_IDENTITY = "iPhone Developer";
				COPY_PHASE_STRIP = NO;
				DEBUG_INFORMATION_FORMAT = "dwarf-with-dsym";
				ENABLE_NS_ASSERTIONS = NO;
				ENABLE_STRICT_OBJC_MSGSEND = YES;
				GCC_C_LANGUAGE_STANDARD = gnu11;
				GCC_NO_COMMON_BLOCKS = YES;
				GCC_WARN_64_TO_32_BIT_CONVERSION = YES;
				GCC_WARN_ABOUT_RETURN_TYPE = YES_ERROR;
				GCC_WARN_UNDECLARED_SELECTOR = YES;
				GCC_WARN_UNINITIALIZED_AUTOS = YES_AGGRESSIVE;
				GCC_WARN_UNUSED_FUNCTION = YES;
				GCC_WARN_UNUSED_VARIABLE = YES;
				IPHONEOS_DEPLOYMENT_TARGET = 11.3;
				MTL_ENABLE_DEBUG_INFO = NO;
				SDKROOT = iphoneos;
				VALIDATE_PRODUCT = YES;
			};
			name = Release;
		};
		35308805212AD64F0050B953 /* Debug */ = {
			isa = XCBuildConfiguration;
			baseConfigurationReference = 83BC2C0A7F4425F6F7B0BEEB /* Pods-Example.debug.xcconfig */;
			buildSettings = {
				ASSETCATALOG_COMPILER_APPICON_NAME = AppIcon;
				CODE_SIGN_STYLE = Automatic;
				INFOPLIST_FILE = Example/Info.plist;
				LD_RUNPATH_SEARCH_PATHS = (
					"$(inherited)",
					"@executable_path/Frameworks",
				);
				PRODUCT_BUNDLE_IDENTIFIER = com.neteasemusic.Example;
				PRODUCT_NAME = "$(TARGET_NAME)";
				TARGETED_DEVICE_FAMILY = "1,2";
			};
			name = Debug;
		};
		35308806212AD64F0050B953 /* Release */ = {
			isa = XCBuildConfiguration;
			baseConfigurationReference = 321994E580FC625A79A617CF /* Pods-Example.release.xcconfig */;
			buildSettings = {
				ASSETCATALOG_COMPILER_APPICON_NAME = AppIcon;
				CODE_SIGN_STYLE = Automatic;
				INFOPLIST_FILE = Example/Info.plist;
				LD_RUNPATH_SEARCH_PATHS = (
					"$(inherited)",
					"@executable_path/Frameworks",
				);
				PRODUCT_BUNDLE_IDENTIFIER = com.neteasemusic.Example;
				PRODUCT_NAME = "$(TARGET_NAME)";
				TARGETED_DEVICE_FAMILY = "1,2";
			};
			name = Release;
		};
/* End XCBuildConfiguration section */

/* Begin XCConfigurationList section */
		353087E9212AD64D0050B953 /* Build configuration list for PBXProject "Example" */ = {
			isa = XCConfigurationList;
			buildConfigurations = (
				35308802212AD64F0050B953 /* Debug */,
				35308803212AD64F0050B953 /* Release */,
			);
			defaultConfigurationIsVisible = 0;
			defaultConfigurationName = Release;
		};
		35308804212AD64F0050B953 /* Build configuration list for PBXNativeTarget "Example" */ = {
			isa = XCConfigurationList;
			buildConfigurations = (
				35308805212AD64F0050B953 /* Debug */,
				35308806212AD64F0050B953 /* Release */,
			);
			defaultConfigurationIsVisible = 0;
			defaultConfigurationName = Release;
		};
/* End XCConfigurationList section */
	};
	rootObject = 353087E6212AD64D0050B953 /* Project object */;
}
